
Microsoft Visual Studio Solution File, Format Version 12.00
# Visual Studio 15
VisualStudioVersion = 15.0.28307.271
MinimumVisualStudioVersion = 10.0.40219.1
Project("{8BC9CEB8-8B4A-11D0-8D11-00A0C91BC942}") = "ShagDB", "ShagDB\ShagDB.vcxproj", "{A110FDE8-BBAF-47F7-900C-41D56C5DE3F2}"
EndProject
Global
	GlobalSection(SolutionConfigurationPlatforms) = preSolution
		Debug|x64 = Debug|x64
		Debug|x86 = Debug|x86
		Release|x64 = Release|x64
		Release|x86 = Release|x86
	EndGlobalSection
	GlobalSection(ProjectConfigurationPlatforms) = postSolution
		{A110FDE8-BBAF-47F7-900C-41D56C5DE3F2}.Debug|x64.ActiveCfg = Debug|x64
		{A110FDE8-BBAF-47F7-900C-41D56C5DE3F2}.Debug|x64.Build.0 = Debug|x64
		{A110FDE8-BBAF-47F7-900C-41D56C5DE3F2}.Debug|x86.ActiveCfg = Debug|Win32
		{A110FDE8-BBAF-47F7-900C-41D56C5DE3F2}.Debug|x86.Build.0 = Debug|Win32
		{A110FDE8-BBAF-47F7-900C-41D56C5DE3F2}.Release|x64.ActiveCfg = Release|x64
		{A110FDE8-BBAF-47F7-900C-41D56C5DE3F2}.Release|x64.Build.0 = Release|x64
		{A110FDE8-BBAF-47F7-900C-41D56C5DE3F2}.Release|x86.ActiveCfg = Release|Win32
		{A110FDE8-BBAF-47F7-900C-41D56C5DE3F2}.Release|x86.Build.0 = Release|Win32
	EndGlobalSection
	GlobalSection(SolutionProperties) = preSolution
		HideSolutionNode = FALSE
	EndGlobalSection
	GlobalSection(ExtensibilityGlobals) = postSolution
		SolutionGuid = {D4FD2F59-CA89-4EAB-8D16-5C341FA60570}
	EndGlobalSection
EndGlobal
